Microsoft Visual Studio Solution File, Format Version 12.00
# Visual Studio Version 17
VisualStudioVersion = 17.5.2.0
MinimumVisualStudioVersion = 10.0.40219.1
Project("{2150E333-8FDC-42A3-9474-1A3956D46DE8}") = "MileStone1", "MileStone1", "{C317E0D2-F206-138D-9271-D70FCF488816}"
EndProject
Project("{2150E333-8FDC-42A3-9474-1A3956D46DE8}") = "IntroToC#", "IntroToC#", "{F74008CE-7660-4198-924D-6D2A0E597171}"
EndProject
Project("{2150E333-8FDC-42A3-9474-1A3956D46DE8}") = "Datatypes", "Datatypes", "{3F6B066B-6B27-4CD5-9672-5254E61A5DE9}"
EndProject
Project("{FAE04EC0-301F-11D3-BF4B-00C04F79EFBC}") = "AreaOfSquare", "MileStone1\IntroToC#\Datatypes\s1\AreaOfSquare.csproj", "{899D6325-69AE-4BEF-8FC9-7E5802015D62}"
EndProject
Global
	GlobalSection(SolutionConfigurationPlatforms) = preSolution
		Debug|Any CPU = Debug|Any CPU
		Release|Any CPU = Release|Any CPU
	EndGlobalSection
	GlobalSection(ProjectConfigurationPlatforms) = postSolution
		{899D6325-69AE-4BEF-8FC9-7E5802015D62}.Debug|Any CPU.ActiveCfg = Debug|Any CPU
		{899D6325-69AE-4BEF-8FC9-7E5802015D62}.Debug|Any CPU.Build.0 = Debug|Any CPU
		{899D6325-69AE-4BEF-8FC9-7E5802015D62}.Release|Any CPU.ActiveCfg = Release|Any CPU
		{899D6325-69AE-4BEF-8FC9-7E5802015D62}.Release|Any CPU.Build.0 = Release|Any CPU
	EndGlobalSection
	GlobalSection(SolutionProperties) = preSolution
		HideSolutionNode = FALSE
	EndGlobalSection
	GlobalSection(NestedProjects) = preSolution
		{F74008CE-7660-4198-924D-6D2A0E597171} = {C317E0D2-F206-138D-9271-D70FCF488816}
		{3F6B066B-6B27-4CD5-9672-5254E61A5DE9} = {F74008CE-7660-4198-924D-6D2A0E597171}
		{899D6325-69AE-4BEF-8FC9-7E5802015D62} = {3F6B066B-6B27-4CD5-9672-5254E61A5DE9}
	EndGlobalSection
	GlobalSection(ExtensibilityGlobals) = postSolution
		SolutionGuid = {3C6107C4-1778-4C98-916D-0937EBCF68CD}
	EndGlobalSection
EndGlobal
